
Microsoft Visual Studio Solution File, Format Version 12.00
# Visual Studio Version 16
VisualStudioVersion = 16.0.30320.27
MinimumVisualStudioVersion = 10.0.40219.1
Project("{8BC9CEB8-8B4A-11D0-8D11-00A0C91BC942}") = "ABC", "ABC\ABC.vcxproj", "{D2FB698F-6833-4F51-BCC4-F2DEA8C10DA3}"
EndProject
Global
	GlobalSection(SolutionConfigurationPlatforms) = preSolution
		Debug|x64 = Debug|x64
		Debug|x86 = Debug|x86
		Release|x64 = Release|x64
		Release|x86 = Release|x86
	EndGlobalSection
	GlobalSection(ProjectConfigurationPlatforms) = postSolution
		{D2FB698F-6833-4F51-BCC4-F2DEA8C10DA3}.Debug|x64.ActiveCfg = Debug|x64
		{D2FB698F-6833-4F51-BCC4-F2DEA8C10DA3}.Debug|x64.Build.0 = Debug|x64
		{D2FB698F-6833-4F51-BCC4-F2DEA8C10DA3}.Debug|x86.ActiveCfg = Debug|Win32
		{D2FB698F-6833-4F51-BCC4-F2DEA8C10DA3}.Debug|x86.Build.0 = Debug|Win32
		{D2FB698F-6833-4F51-BCC4-F2DEA8C10DA3}.Release|x64.ActiveCfg = Release|x64
		{D2FB698F-6833-4F51-BCC4-F2DEA8C10DA3}.Release|x64.Build.0 = Release|x64
		{D2FB698F-6833-4F51-BCC4-F2DEA8C10DA3}.Release|x86.ActiveCfg = Release|Win32
		{D2FB698F-6833-4F51-BCC4-F2DEA8C10DA3}.Release|x86.Build.0 = Release|Win32
	EndGlobalSection
	GlobalSection(SolutionProperties) = preSolution
		HideSolutionNode = FALSE
	EndGlobalSection
	GlobalSection(ExtensibilityGlobals) = postSolution
		SolutionGuid = {05CE0E8C-6C02-4BE9-A9D1-245B6BB775B1}
	EndGlobalSection
EndGlobal
